// !$*UTF8*$!
{
	archiveVersion = 1;
	classes = {
	};
	objectVersion = 56;
	objects = {

/* Begin PBXBuildFile section */
		CEAF0BF82BAC4DC8003E1F36 /* AppDelegate.swift in Sources */ = {isa = PBXBuildFile; fileRef = CEAF0BF72BAC4DC8003E1F36 /* AppDelegate.swift */; };
		CEAF0BFC2BAC4DC8003E1F36 /* LaunchViewController.swift in Sources */ = {isa = PBXBuildFile; fileRef = CEAF0BFB2BAC4DC8003E1F36 /* LaunchViewController.swift */; };
		CEAF0C012BAC4DC9003E1F36 /* Assets.xcassets in Resources */ = {isa = PBXBuildFile; fileRef = CEAF0C002BAC4DC9003E1F36 /* Assets.xcassets */; };
		CEAF0C042BAC4DC9003E1F36 /* Base in Resources */ = {isa = PBXBuildFile; fileRef = CEAF0C032BAC4DC9003E1F36 /* Base */; };
		CEAF0C0D2BAC5668003E1F36 /* SnapKit in Frameworks */ = {isa = PBXBuildFile; productRef = CEAF0C0C2BAC5668003E1F36 /* SnapKit */; };
		CEAF0C0F2BAC5668003E1F36 /* SnapKit-Dynamic in Frameworks */ = {isa = PBXBuildFile; productRef = CEAF0C0E2BAC5668003E1F36 /* SnapKit-Dynamic */; };
		CEAF0C112BAC5800003E1F36 /* UIColor + Extens.swift in Sources */ = {isa = PBXBuildFile; fileRef = CEAF0C102BAC5800003E1F36 /* UIColor + Extens.swift */; };
		CEAF0C152BAC5F99003E1F36 /* UIView + Extens.swift in Sources */ = {isa = PBXBuildFile; fileRef = CEAF0C142BAC5F99003E1F36 /* UIView + Extens.swift */; };
		CEAF0C172BAC8021003E1F36 /* LaunchModel.swift in Sources */ = {isa = PBXBuildFile; fileRef = CEAF0C162BAC8021003E1F36 /* LaunchModel.swift */; };
		CEAF0C192BAC807E003E1F36 /* LaunchDetailViewController.swift in Sources */ = {isa = PBXBuildFile; fileRef = CEAF0C182BAC807E003E1F36 /* LaunchDetailViewController.swift */; };
		CEAF0C1D2BAC93AB003E1F36 /* LaunchViewModel.swift in Sources */ = {isa = PBXBuildFile; fileRef = CEAF0C1C2BAC93AB003E1F36 /* LaunchViewModel.swift */; };
		CEAF0C202BAC9C70003E1F36 /* UIStackView + Extens.swift in Sources */ = {isa = PBXBuildFile; fileRef = CEAF0C1F2BAC9C70003E1F36 /* UIStackView + Extens.swift */; };
		CEAF0C242BAD609B003E1F36 /* LastViewController.swift in Sources */ = {isa = PBXBuildFile; fileRef = CEAF0C232BAD609B003E1F36 /* LastViewController.swift */; };
		CEAF0C262BAE9F9C003E1F36 /* HomeViewController.swift in Sources */ = {isa = PBXBuildFile; fileRef = CEAF0C252BAE9F9C003E1F36 /* HomeViewController.swift */; };
		CEAF0C292BAF28A1003E1F36 /* MenuViewController.swift in Sources */ = {isa = PBXBuildFile; fileRef = CEAF0C282BAF28A1003E1F36 /* MenuViewController.swift */; };
		CEAF0C2C2BAFD43B003E1F36 /* MenuViewModel.swift in Sources */ = {isa = PBXBuildFile; fileRef = CEAF0C2B2BAFD43B003E1F36 /* MenuViewModel.swift */; };
		CEAF0C2E2BAFD452003E1F36 /* Dynamic.swift in Sources */ = {isa = PBXBuildFile; fileRef = CEAF0C2D2BAFD452003E1F36 /* Dynamic.swift */; };
		CEAF0C322BB00141003E1F36 /* SelectDeviceViewController.swift in Sources */ = {isa = PBXBuildFile; fileRef = CEAF0C312BB00141003E1F36 /* SelectDeviceViewController.swift */; };
		CEAF0C352BB0263E003E1F36 /* SelectDeviceTableViewCell.swift in Sources */ = {isa = PBXBuildFile; fileRef = CEAF0C342BB0263E003E1F36 /* SelectDeviceTableViewCell.swift */; };
		CEAF0C372BB027A5003E1F36 /* SelectDeviceModel.swift in Sources */ = {isa = PBXBuildFile; fileRef = CEAF0C362BB027A5003E1F36 /* SelectDeviceModel.swift */; };
		CEAF0C3A2BB027C4003E1F36 /* SelectDeviceViewModel.swift in Sources */ = {isa = PBXBuildFile; fileRef = CEAF0C392BB027C4003E1F36 /* SelectDeviceViewModel.swift */; };
		CEAF0C3F2BB070B8003E1F36 /* ContainerViewController.swift in Sources */ = {isa = PBXBuildFile; fileRef = CEAF0C3E2BB070B8003E1F36 /* ContainerViewController.swift */; };
		CEAF0C422BB07359003E1F36 /* HomeDelegate.swift in Sources */ = {isa = PBXBuildFile; fileRef = CEAF0C412BB07359003E1F36 /* HomeDelegate.swift */; };
		CEAF0C482BB154B0003E1F36 /* HomeViewModel.swift in Sources */ = {isa = PBXBuildFile; fileRef = CEAF0C472BB154B0003E1F36 /* HomeViewModel.swift */; };
		CEAF0C4A2BB1564B003E1F36 /* MenuDelegate.swift in Sources */ = {isa = PBXBuildFile; fileRef = CEAF0C492BB1564B003E1F36 /* MenuDelegate.swift */; };
		CEAF0C4C2BB193BD003E1F36 /* AppsViewController.swift in Sources */ = {isa = PBXBuildFile; fileRef = CEAF0C4B2BB193BD003E1F36 /* AppsViewController.swift */; };
/* End PBXBuildFile section */

/* Begin PBXFileReference section */
		CEAF0BF42BAC4DC8003E1F36 /* Roku TV.app */ = {isa = PBXFileReference; explicitFileType = wrapper.application; includeInIndex = 0; path = "Roku TV.app"; sourceTree = BUILT_PRODUCTS_DIR; };
		CEAF0BF72BAC4DC8003E1F36 /* AppDelegate.swift */ = {isa = PBXFileReference; lastKnownFileType = sourcecode.swift; path = AppDelegate.swift; sourceTree = "<group>"; };
		CEAF0BFB2BAC4DC8003E1F36 /* LaunchViewController.swift */ = {isa = PBXFileReference; lastKnownFileType = sourcecode.swift; path = LaunchViewController.swift; sourceTree = "<group>"; };
		CEAF0C002BAC4DC9003E1F36 /* Assets.xcassets */ = {isa = PBXFileReference; lastKnownFileType = folder.assetcatalog; path = Assets.xcassets; sourceTree = "<group>"; };
		CEAF0C032BAC4DC9003E1F36 /* Base */ = {isa = PBXFileReference; lastKnownFileType = file.storyboard; name = Base; path = Base.lproj/LaunchScreen.storyboard; sourceTree = "<group>"; };
		CEAF0C052BAC4DC9003E1F36 /* Info.plist */ = {isa = PBXFileReference; lastKnownFileType = text.plist.xml; path = Info.plist; sourceTree = "<group>"; };
		CEAF0C102BAC5800003E1F36 /* UIColor + Extens.swift */ = {isa = PBXFileReference; lastKnownFileType = sourcecode.swift; path = "UIColor + Extens.swift"; sourceTree = "<group>"; };
		CEAF0C142BAC5F99003E1F36 /* UIView + Extens.swift */ = {isa = PBXFileReference; lastKnownFileType = sourcecode.swift; path = "UIView + Extens.swift"; sourceTree = "<group>"; };
		CEAF0C162BAC8021003E1F36 /* LaunchModel.swift */ = {isa = PBXFileReference; lastKnownFileType = sourcecode.swift; path = LaunchModel.swift; sourceTree = "<group>"; };
		CEAF0C182BAC807E003E1F36 /* LaunchDetailViewController.swift */ = {isa = PBXFileReference; lastKnownFileType = sourcecode.swift; path = LaunchDetailViewController.swift; sourceTree = "<group>"; };
		CEAF0C1C2BAC93AB003E1F36 /* LaunchViewModel.swift */ = {isa = PBXFileReference; lastKnownFileType = sourcecode.swift; path = LaunchViewModel.swift; sourceTree = "<group>"; };
		CEAF0C1F2BAC9C70003E1F36 /* UIStackView + Extens.swift */ = {isa = PBXFileReference; lastKnownFileType = sourcecode.swift; path = "UIStackView + Extens.swift"; sourceTree = "<group>"; };
		CEAF0C232BAD609B003E1F36 /* LastViewController.swift */ = {isa = PBXFileReference; lastKnownFileType = sourcecode.swift; path = LastViewController.swift; sourceTree = "<group>"; };
		CEAF0C252BAE9F9C003E1F36 /* HomeViewController.swift */ = {isa = PBXFileReference; lastKnownFileType = sourcecode.swift; path = HomeViewController.swift; sourceTree = "<group>"; };
		CEAF0C282BAF28A1003E1F36 /* MenuViewController.swift */ = {isa = PBXFileReference; lastKnownFileType = sourcecode.swift; path = MenuViewController.swift; sourceTree = "<group>"; };
		CEAF0C2B2BAFD43B003E1F36 /* MenuViewModel.swift */ = {isa = PBXFileReference; lastKnownFileType = sourcecode.swift; path = MenuViewModel.swift; sourceTree = "<group>"; };
		CEAF0C2D2BAFD452003E1F36 /* Dynamic.swift */ = {isa = PBXFileReference; lastKnownFileType = sourcecode.swift; path = Dynamic.swift; sourceTree = "<group>"; };
		CEAF0C312BB00141003E1F36 /* SelectDeviceViewController.swift */ = {isa = PBXFileReference; lastKnownFileType = sourcecode.swift; path = SelectDeviceViewController.swift; sourceTree = "<group>"; };
		CEAF0C342BB0263E003E1F36 /* SelectDeviceTableViewCell.swift */ = {isa = PBXFileReference; lastKnownFileType = sourcecode.swift; path = SelectDeviceTableViewCell.swift; sourceTree = "<group>"; };
		CEAF0C362BB027A5003E1F36 /* SelectDeviceModel.swift */ = {isa = PBXFileReference; lastKnownFileType = sourcecode.swift; path = SelectDeviceModel.swift; sourceTree = "<group>"; };
		CEAF0C392BB027C4003E1F36 /* SelectDeviceViewModel.swift */ = {isa = PBXFileReference; lastKnownFileType = sourcecode.swift; path = SelectDeviceViewModel.swift; sourceTree = "<group>"; };
		CEAF0C3E2BB070B8003E1F36 /* ContainerViewController.swift */ = {isa = PBXFileReference; lastKnownFileType = sourcecode.swift; path = ContainerViewController.swift; sourceTree = "<group>"; };
		CEAF0C412BB07359003E1F36 /* HomeDelegate.swift */ = {isa = PBXFileReference; lastKnownFileType = sourcecode.swift; path = HomeDelegate.swift; sourceTree = "<group>"; };
		CEAF0C472BB154B0003E1F36 /* HomeViewModel.swift */ = {isa = PBXFileReference; lastKnownFileType = sourcecode.swift; path = HomeViewModel.swift; sourceTree = "<group>"; };
		CEAF0C492BB1564B003E1F36 /* MenuDelegate.swift */ = {isa = PBXFileReference; lastKnownFileType = sourcecode.swift; path = MenuDelegate.swift; sourceTree = "<group>"; };
		CEAF0C4B2BB193BD003E1F36 /* AppsViewController.swift */ = {isa = PBXFileReference; lastKnownFileType = sourcecode.swift; path = AppsViewController.swift; sourceTree = "<group>"; };
/* End PBXFileReference section */

/* Begin PBXFrameworksBuildPhase section */
		CEAF0BF12BAC4DC8003E1F36 /* Frameworks */ = {
			isa = PBXFrameworksBuildPhase;
			buildActionMask = 2147483647;
			files = (
				CEAF0C0D2BAC5668003E1F36 /* SnapKit in Frameworks */,
				CEAF0C0F2BAC5668003E1F36 /* SnapKit-Dynamic in Frameworks */,
			);
			runOnlyForDeploymentPostprocessing = 0;
		};
/* End PBXFrameworksBuildPhase section */

/* Begin PBXGroup section */
		CEAF0BEB2BAC4DC8003E1F36 = {
			isa = PBXGroup;
			children = (
				CEAF0BF62BAC4DC8003E1F36 /* Roku TV */,
				CEAF0BF52BAC4DC8003E1F36 /* Products */,
			);
			sourceTree = "<group>";
		};
		CEAF0BF52BAC4DC8003E1F36 /* Products */ = {
			isa = PBXGroup;
			children = (
				CEAF0BF42BAC4DC8003E1F36 /* Roku TV.app */,
			);
			name = Products;
			sourceTree = "<group>";
		};
		CEAF0BF62BAC4DC8003E1F36 /* Roku TV */ = {
			isa = PBXGroup;
			children = (
				CEAF0BF72BAC4DC8003E1F36 /* AppDelegate.swift */,
				CEAF0C302BAFD491003E1F36 /* Bindings */,
				CEAF0C132BAC5C18003E1F36 /* Launch */,
				CEAF0C402BB070BC003E1F36 /* Container */,
				CEAF0C4D2BB193C3003E1F36 /* Apps */,
				CEAF0C122BAC5C08003E1F36 /* Extension */,
				CEAF0C002BAC4DC9003E1F36 /* Assets.xcassets */,
				CEAF0C022BAC4DC9003E1F36 /* LaunchScreen.storyboard */,
				CEAF0C052BAC4DC9003E1F36 /* Info.plist */,
			);
			path = "Roku TV";
			sourceTree = "<group>";
		};
		CEAF0C122BAC5C08003E1F36 /* Extension */ = {
			isa = PBXGroup;
			children = (
				CEAF0C102BAC5800003E1F36 /* UIColor + Extens.swift */,
				CEAF0C1F2BAC9C70003E1F36 /* UIStackView + Extens.swift */,
				CEAF0C142BAC5F99003E1F36 /* UIView + Extens.swift */,
			);
			path = Extension;
			sourceTree = "<group>";
		};
		CEAF0C132BAC5C18003E1F36 /* Launch */ = {
			isa = PBXGroup;
			children = (
				CEAF0C1A2BAC8096003E1F36 /* View */,
				CEAF0C1E2BAC93B0003E1F36 /* ViewModel */,
				CEAF0C1B2BAC80A0003E1F36 /* Model */,
			);
			path = Launch;
			sourceTree = "<group>";
		};
		CEAF0C1A2BAC8096003E1F36 /* View */ = {
			isa = PBXGroup;
			children = (
				CEAF0BFB2BAC4DC8003E1F36 /* LaunchViewController.swift */,
				CEAF0C182BAC807E003E1F36 /* LaunchDetailViewController.swift */,
				CEAF0C232BAD609B003E1F36 /* LastViewController.swift */,
			);
			path = View;
			sourceTree = "<group>";
		};
		CEAF0C1B2BAC80A0003E1F36 /* Model */ = {
			isa = PBXGroup;
			children = (
				CEAF0C162BAC8021003E1F36 /* LaunchModel.swift */,
			);
			path = Model;
			sourceTree = "<group>";
		};
		CEAF0C1E2BAC93B0003E1F36 /* ViewModel */ = {
			isa = PBXGroup;
			children = (
				CEAF0C1C2BAC93AB003E1F36 /* LaunchViewModel.swift */,
			);
			path = ViewModel;
			sourceTree = "<group>";
		};
		CEAF0C272BAE9FA0003E1F36 /* Home */ = {
			isa = PBXGroup;
			children = (
				CEAF0C462BB152B1003E1F36 /* HomeScreen */,
				CEAF0C332BB01B75003E1F36 /* SelectDevice */,
				CEAF0C2A2BAF2C05003E1F36 /* Menu */,
			);
			path = Home;
			sourceTree = "<group>";
		};
		CEAF0C2A2BAF2C05003E1F36 /* Menu */ = {
			isa = PBXGroup;
			children = (
				CEAF0C3C2BB027EF003E1F36 /* View */,
				CEAF0C452BB126C3003E1F36 /* ViewModel */,
			);
			path = Menu;
			sourceTree = "<group>";
		};
		CEAF0C2F2BAFD458003E1F36 /* ViewModel */ = {
			isa = PBXGroup;
			children = (
				CEAF0C412BB07359003E1F36 /* HomeDelegate.swift */,
				CEAF0C472BB154B0003E1F36 /* HomeViewModel.swift */,
			);
			path = ViewModel;
			sourceTree = "<group>";
		};
		CEAF0C302BAFD491003E1F36 /* Bindings */ = {
			isa = PBXGroup;
			children = (
				CEAF0C2D2BAFD452003E1F36 /* Dynamic.swift */,
			);
			path = Bindings;
			sourceTree = "<group>";
		};
		CEAF0C332BB01B75003E1F36 /* SelectDevice */ = {
			isa = PBXGroup;
			children = (
				CEAF0C312BB00141003E1F36 /* SelectDeviceViewController.swift */,
				CEAF0C342BB0263E003E1F36 /* SelectDeviceTableViewCell.swift */,
				CEAF0C3B2BB027C8003E1F36 /* ViewModel */,
				CEAF0C382BB027B6003E1F36 /* Model */,
			);
			path = SelectDevice;
			sourceTree = "<group>";
		};
		CEAF0C382BB027B6003E1F36 /* Model */ = {
			isa = PBXGroup;
			children = (
				CEAF0C362BB027A5003E1F36 /* SelectDeviceModel.swift */,
			);
			path = Model;
			sourceTree = "<group>";
		};
		CEAF0C3B2BB027C8003E1F36 /* ViewModel */ = {
			isa = PBXGroup;
			children = (
				CEAF0C392BB027C4003E1F36 /* SelectDeviceViewModel.swift */,
			);
			path = ViewModel;
			sourceTree = "<group>";
		};
		CEAF0C3C2BB027EF003E1F36 /* View */ = {
			isa = PBXGroup;
			children = (
				CEAF0C282BAF28A1003E1F36 /* MenuViewController.swift */,
			);
			path = View;
			sourceTree = "<group>";
		};
		CEAF0C3D2BB027F6003E1F36 /* View */ = {
			isa = PBXGroup;
			children = (
				CEAF0C252BAE9F9C003E1F36 /* HomeViewController.swift */,
			);
			path = View;
			sourceTree = "<group>";
		};
		CEAF0C402BB070BC003E1F36 /* Container */ = {
			isa = PBXGroup;
			children = (
				CEAF0C3E2BB070B8003E1F36 /* ContainerViewController.swift */,
				CEAF0C272BAE9FA0003E1F36 /* Home */,
			);
			path = Container;
			sourceTree = "<group>";
		};
		CEAF0C452BB126C3003E1F36 /* ViewModel */ = {
			isa = PBXGroup;
			children = (
				CEAF0C2B2BAFD43B003E1F36 /* MenuViewModel.swift */,
				CEAF0C492BB1564B003E1F36 /* MenuDelegate.swift */,
			);
			path = ViewModel;
			sourceTree = "<group>";
		};
		CEAF0C462BB152B1003E1F36 /* HomeScreen */ = {
			isa = PBXGroup;
			children = (
				CEAF0C3D2BB027F6003E1F36 /* View */,
				CEAF0C2F2BAFD458003E1F36 /* ViewModel */,
			);
			path = HomeScreen;
			sourceTree = "<group>";
		};
		CEAF0C4D2BB193C3003E1F36 /* Apps */ = {
			isa = PBXGroup;
			children = (
				CEAF0C4B2BB193BD003E1F36 /* AppsViewController.swift */,
			);
			path = Apps;
			sourceTree = "<group>";
		};
/* End PBXGroup section */

/* Begin PBXNativeTarget section */
		CEAF0BF32BAC4DC8003E1F36 /* Roku TV */ = {
			isa = PBXNativeTarget;
			buildConfigurationList = CEAF0C082BAC4DC9003E1F36 /* Build configuration list for PBXNativeTarget "Roku TV" */;
			buildPhases = (
				CEAF0BF02BAC4DC8003E1F36 /* Sources */,
				CEAF0BF12BAC4DC8003E1F36 /* Frameworks */,
				CEAF0BF22BAC4DC8003E1F36 /* Resources */,
			);
			buildRules = (
			);
			dependencies = (
			);
			name = "Roku TV";
			packageProductDependencies = (
				CEAF0C0C2BAC5668003E1F36 /* SnapKit */,
				CEAF0C0E2BAC5668003E1F36 /* SnapKit-Dynamic */,
			);
			productName = "Roku TV";
			productReference = CEAF0BF42BAC4DC8003E1F36 /* Roku TV.app */;
			productType = "com.apple.product-type.application";
		};
/* End PBXNativeTarget section */

/* Begin PBXProject section */
		CEAF0BEC2BAC4DC8003E1F36 /* Project object */ = {
			isa = PBXProject;
			attributes = {
				BuildIndependentTargetsInParallel = 1;
				LastSwiftUpdateCheck = 1530;
				LastUpgradeCheck = 1530;
				TargetAttributes = {
					CEAF0BF32BAC4DC8003E1F36 = {
						CreatedOnToolsVersion = 15.3;
					};
				};
			};
			buildConfigurationList = CEAF0BEF2BAC4DC8003E1F36 /* Build configuration list for PBXProject "Roku TV" */;
			compatibilityVersion = "Xcode 14.0";
			developmentRegion = en;
			hasScannedForEncodings = 0;
			knownRegions = (
				en,
				Base,
			);
			mainGroup = CEAF0BEB2BAC4DC8003E1F36;
			packageReferences = (
				CEAF0C0B2BAC5668003E1F36 /* XCRemoteSwiftPackageReference "SnapKit" */,
			);
			productRefGroup = CEAF0BF52BAC4DC8003E1F36 /* Products */;
			projectDirPath = "";
			projectRoot = "";
			targets = (
				CEAF0BF32BAC4DC8003E1F36 /* Roku TV */,
			);
		};
/* End PBXProject section */

/* Begin PBXResourcesBuildPhase section */
		CEAF0BF22BAC4DC8003E1F36 /* Resources */ = {
			isa = PBXResourcesBuildPhase;
			buildActionMask = 2147483647;
			files = (
				CEAF0C012BAC4DC9003E1F36 /* Assets.xcassets in Resources */,
				CEAF0C042BAC4DC9003E1F36 /* Base in Resources */,
			);
			runOnlyForDeploymentPostprocessing = 0;
		};
/* End PBXResourcesBuildPhase section */

/* Begin PBXSourcesBuildPhase section */
		CEAF0BF02BAC4DC8003E1F36 /* Sources */ = {
			isa = PBXSourcesBuildPhase;
			buildActionMask = 2147483647;
			files = (
				CEAF0C2E2BAFD452003E1F36 /* Dynamic.swift in Sources */,
				CEAF0C352BB0263E003E1F36 /* SelectDeviceTableViewCell.swift in Sources */,
				CEAF0C112BAC5800003E1F36 /* UIColor + Extens.swift in Sources */,
				CEAF0C482BB154B0003E1F36 /* HomeViewModel.swift in Sources */,
				CEAF0C372BB027A5003E1F36 /* SelectDeviceModel.swift in Sources */,
				CEAF0C422BB07359003E1F36 /* HomeDelegate.swift in Sources */,
				CEAF0C242BAD609B003E1F36 /* LastViewController.swift in Sources */,
				CEAF0BFC2BAC4DC8003E1F36 /* LaunchViewController.swift in Sources */,
				CEAF0C1D2BAC93AB003E1F36 /* LaunchViewModel.swift in Sources */,
				CEAF0C3A2BB027C4003E1F36 /* SelectDeviceViewModel.swift in Sources */,
				CEAF0C292BAF28A1003E1F36 /* MenuViewController.swift in Sources */,
				CEAF0BF82BAC4DC8003E1F36 /* AppDelegate.swift in Sources */,
				CEAF0C262BAE9F9C003E1F36 /* HomeViewController.swift in Sources */,
				CEAF0C2C2BAFD43B003E1F36 /* MenuViewModel.swift in Sources */,
				CEAF0C192BAC807E003E1F36 /* LaunchDetailViewController.swift in Sources */,
				CEAF0C152BAC5F99003E1F36 /* UIView + Extens.swift in Sources */,
				CEAF0C4C2BB193BD003E1F36 /* AppsViewController.swift in Sources */,
				CEAF0C202BAC9C70003E1F36 /* UIStackView + Extens.swift in Sources */,
				CEAF0C322BB00141003E1F36 /* SelectDeviceViewController.swift in Sources */,
				CEAF0C3F2BB070B8003E1F36 /* ContainerViewController.swift in Sources */,
				CEAF0C172BAC8021003E1F36 /* LaunchModel.swift in Sources */,
				CEAF0C4A2BB1564B003E1F36 /* MenuDelegate.swift in Sources */,
			);
			runOnlyForDeploymentPostprocessing = 0;
		};
/* End PBXSourcesBuildPhase section */

/* Begin PBXVariantGroup section */
		CEAF0C022BAC4DC9003E1F36 /* LaunchScreen.storyboard */ = {
			isa = PBXVariantGroup;
			children = (
				CEAF0C032BAC4DC9003E1F36 /* Base */,
			);
			name = LaunchScreen.storyboard;
			sourceTree = "<group>";
		};
/* End PBXVariantGroup section */

/* Begin XCBuildConfiguration section */
		CEAF0C062BAC4DC9003E1F36 /* Debug */ = {
			isa = XCBuildConfiguration;
			buildSettings = {
				ALWAYS_SEARCH_USER_PATHS = NO;
				ASSETCATALOG_COMPILER_GENERATE_SWIFT_ASSET_SYMBOL_EXTENSIONS = YES;
				CLANG_ANALYZER_NONNULL = YES;
				CLANG_ANALYZER_NUMBER_OBJECT_CONVERSION = YES_AGGRESSIVE;
				CLANG_CXX_LANGUAGE_STANDARD = "gnu++20";
				CLANG_ENABLE_MODULES = YES;
				CLANG_ENABLE_OBJC_ARC = YES;
				CLANG_ENABLE_OBJC_WEAK = YES;
				CLANG_WARN_BLOCK_CAPTURE_AUTORELEASING = YES;
				CLANG_WARN_BOOL_CONVERSION = YES;
				CLANG_WARN_COMMA = YES;
				CLANG_WARN_CONSTANT_CONVERSION = YES;
				CLANG_WARN_DEPRECATED_OBJC_IMPLEMENTATIONS = YES;
				CLANG_WARN_DIRECT_OBJC_ISA_USAGE = YES_ERROR;
				CLANG_WARN_DOCUMENTATION_COMMENTS = YES;
				CLANG_WARN_EMPTY_BODY = YES;
				CLANG_WARN_ENUM_CONVERSION = YES;
				CLANG_WARN_INFINITE_RECURSION = YES;
				CLANG_WARN_INT_CONVERSION = YES;
				CLANG_WARN_NON_LITERAL_NULL_CONVERSION = YES;
				CLANG_WARN_OBJC_IMPLICIT_RETAIN_SELF = YES;
				CLANG_WARN_OBJC_LITERAL_CONVERSION = YES;
				CLANG_WARN_OBJC_ROOT_CLASS = YES_ERROR;
				CLANG_WARN_QUOTED_INCLUDE_IN_FRAMEWORK_HEADER = YES;
				CLANG_WARN_RANGE_LOOP_ANALYSIS = YES;
				CLANG_WARN_STRICT_PROTOTYPES = YES;
				CLANG_WARN_SUSPICIOUS_MOVE = YES;
				CLANG_WARN_UNGUARDED_AVAILABILITY = YES_AGGRESSIVE;
				CLANG_WARN_UNREACHABLE_CODE = YES;
				CLANG_WARN__DUPLICATE_METHOD_MATCH = YES;
				COPY_PHASE_STRIP = NO;
				DEBUG_INFORMATION_FORMAT = dwarf;
				ENABLE_STRICT_OBJC_MSGSEND = YES;
				ENABLE_TESTABILITY = YES;
				ENABLE_USER_SCRIPT_SANDBOXING = YES;
				GCC_C_LANGUAGE_STANDARD = gnu17;
				GCC_DYNAMIC_NO_PIC = NO;
				GCC_NO_COMMON_BLOCKS = YES;
				GCC_OPTIMIZATION_LEVEL = 0;
				GCC_PREPROCESSOR_DEFINITIONS = (
					"DEBUG=1",
					"$(inherited)",
				);
				GCC_WARN_64_TO_32_BIT_CONVERSION = YES;
				GCC_WARN_ABOUT_RETURN_TYPE = YES_ERROR;
				GCC_WARN_UNDECLARED_SELECTOR = YES;
				GCC_WARN_UNINITIALIZED_AUTOS = YES_AGGRESSIVE;
				GCC_WARN_UNUSED_FUNCTION = YES;
				GCC_WARN_UNUSED_VARIABLE = YES;
				IPHONEOS_DEPLOYMENT_TARGET = 17.4;
				LOCALIZATION_PREFERS_STRING_CATALOGS = YES;
				MTL_ENABLE_DEBUG_INFO = INCLUDE_SOURCE;
				MTL_FAST_MATH = YES;
				ONLY_ACTIVE_ARCH = YES;
				SDKROOT = iphoneos;
				SWIFT_ACTIVE_COMPILATION_CONDITIONS = "DEBUG $(inherited)";
				SWIFT_OPTIMIZATION_LEVEL = "-Onone";
			};
			name = Debug;
		};
		CEAF0C072BAC4DC9003E1F36 /* Release */ = {
			isa = XCBuildConfiguration;
			buildSettings = {
				ALWAYS_SEARCH_USER_PATHS = NO;
				ASSETCATALOG_COMPILER_GENERATE_SWIFT_ASSET_SYMBOL_EXTENSIONS = YES;
				CLANG_ANALYZER_NONNULL = YES;
				CLANG_ANALYZER_NUMBER_OBJECT_CONVERSION = YES_AGGRESSIVE;
				CLANG_CXX_LANGUAGE_STANDARD = "gnu++20";
				CLANG_ENABLE_MODULES = YES;
				CLANG_ENABLE_OBJC_ARC = YES;
				CLANG_ENABLE_OBJC_WEAK = YES;
				CLANG_WARN_BLOCK_CAPTURE_AUTORELEASING = YES;
				CLANG_WARN_BOOL_CONVERSION = YES;
				CLANG_WARN_COMMA = YES;
				CLANG_WARN_CONSTANT_CONVERSION = YES;
				CLANG_WARN_DEPRECATED_OBJC_IMPLEMENTATIONS = YES;
				CLANG_WARN_DIRECT_OBJC_ISA_USAGE = YES_ERROR;
				CLANG_WARN_DOCUMENTATION_COMMENTS = YES;
				CLANG_WARN_EMPTY_BODY = YES;
				CLANG_WARN_ENUM_CONVERSION = YES;
				CLANG_WARN_INFINITE_RECURSION = YES;
				CLANG_WARN_INT_CONVERSION = YES;
				CLANG_WARN_NON_LITERAL_NULL_CONVERSION = YES;
				CLANG_WARN_OBJC_IMPLICIT_RETAIN_SELF = YES;
				CLANG_WARN_OBJC_LITERAL_CONVERSION = YES;
				CLANG_WARN_OBJC_ROOT_CLASS = YES_ERROR;
				CLANG_WARN_QUOTED_INCLUDE_IN_FRAMEWORK_HEADER = YES;
				CLANG_WARN_RANGE_LOOP_ANALYSIS = YES;
				CLANG_WARN_STRICT_PROTOTYPES = YES;
				CLANG_WARN_SUSPICIOUS_MOVE = YES;
				CLANG_WARN_UNGUARDED_AVAILABILITY = YES_AGGRESSIVE;
				CLANG_WARN_UNREACHABLE_CODE = YES;
				CLANG_WARN__DUPLICATE_METHOD_MATCH = YES;
				COPY_PHASE_STRIP = NO;
				DEBUG_INFORMATION_FORMAT = "dwarf-with-dsym";
				ENABLE_NS_ASSERTIONS = NO;
				ENABLE_STRICT_OBJC_MSGSEND = YES;
				ENABLE_USER_SCRIPT_SANDBOXING = YES;
				GCC_C_LANGUAGE_STANDARD = gnu17;
				GCC_NO_COMMON_BLOCKS = YES;
				GCC_WARN_64_TO_32_BIT_CONVERSION = YES;
				GCC_WARN_ABOUT_RETURN_TYPE = YES_ERROR;
				GCC_WARN_UNDECLARED_SELECTOR = YES;
				GCC_WARN_UNINITIALIZED_AUTOS = YES_AGGRESSIVE;
				GCC_WARN_UNUSED_FUNCTION = YES;
				GCC_WARN_UNUSED_VARIABLE = YES;
				IPHONEOS_DEPLOYMENT_TARGET = 17.4;
				LOCALIZATION_PREFERS_STRING_CATALOGS = YES;
				MTL_ENABLE_DEBUG_INFO = NO;
				MTL_FAST_MATH = YES;
				SDKROOT = iphoneos;
				SWIFT_COMPILATION_MODE = wholemodule;
				VALIDATE_PRODUCT = YES;
			};
			name = Release;
		};
		CEAF0C092BAC4DC9003E1F36 /* Debug */ = {
			isa = XCBuildConfiguration;
			buildSettings = {
				ASSETCATALOG_COMPILER_APPICON_NAME = AppIcon;
				ASSETCATALOG_COMPILER_GLOBAL_ACCENT_COLOR_NAME = AccentColor;
				CODE_SIGN_STYLE = Automatic;
				CURRENT_PROJECT_VERSION = 1;
				GENERATE_INFOPLIST_FILE = YES;
				INFOPLIST_FILE = "Roku TV/Info.plist";
				INFOPLIST_KEY_UIApplicationSupportsIndirectInputEvents = YES;
				INFOPLIST_KEY_UILaunchStoryboardName = LaunchScreen;
				INFOPLIST_KEY_UISupportedInterfaceOrientations_iPad = "UIInterfaceOrientationPortrait UIInterfaceOrientationPortraitUpsideDown UIInterfaceOrientationLandscapeLeft UIInterfaceOrientationLandscapeRight";
				INFOPLIST_KEY_UISupportedInterfaceOrientations_iPhone = "UIInterfaceOrientationPortrait UIInterfaceOrientationLandscapeLeft UIInterfaceOrientationLandscapeRight";
				LD_RUNPATH_SEARCH_PATHS = (
					"$(inherited)",
					"@executable_path/Frameworks",
				);
				MARKETING_VERSION = 1.0;
				PRODUCT_BUNDLE_IDENTIFIER = "iam.Roku-TV";
				PRODUCT_NAME = "$(TARGET_NAME)";
				SWIFT_EMIT_LOC_STRINGS = YES;
				SWIFT_VERSION = 5.0;
				TARGETED_DEVICE_FAMILY = "1,2";
			};
			name = Debug;
		};
		CEAF0C0A2BAC4DC9003E1F36 /* Release */ = {
			isa = XCBuildConfiguration;
			buildSettings = {
				ASSETCATALOG_COMPILER_APPICON_NAME = AppIcon;
				ASSETCATALOG_COMPILER_GLOBAL_ACCENT_COLOR_NAME = AccentColor;
				CODE_SIGN_STYLE = Automatic;
				CURRENT_PROJECT_VERSION = 1;
				GENERATE_INFOPLIST_FILE = YES;
				INFOPLIST_FILE = "Roku TV/Info.plist";
				INFOPLIST_KEY_UIApplicationSupportsIndirectInputEvents = YES;
				INFOPLIST_KEY_UILaunchStoryboardName = LaunchScreen;
				INFOPLIST_KEY_UISupportedInterfaceOrientations_iPad = "UIInterfaceOrientationPortrait UIInterfaceOrientationPortraitUpsideDown UIInterfaceOrientationLandscapeLeft UIInterfaceOrientationLandscapeRight";
				INFOPLIST_KEY_UISupportedInterfaceOrientations_iPhone = "UIInterfaceOrientationPortrait UIInterfaceOrientationLandscapeLeft UIInterfaceOrientationLandscapeRight";
				LD_RUNPATH_SEARCH_PATHS = (
					"$(inherited)",
					"@executable_path/Frameworks",
				);
				MARKETING_VERSION = 1.0;
				PRODUCT_BUNDLE_IDENTIFIER = "iam.Roku-TV";
				PRODUCT_NAME = "$(TARGET_NAME)";
				SWIFT_EMIT_LOC_STRINGS = YES;
				SWIFT_VERSION = 5.0;
				TARGETED_DEVICE_FAMILY = "1,2";
			};
			name = Release;
		};
/* End XCBuildConfiguration section */

/* Begin XCConfigurationList section */
		CEAF0BEF2BAC4DC8003E1F36 /* Build configuration list for PBXProject "Roku TV" */ = {
			isa = XCConfigurationList;
			buildConfigurations = (
				CEAF0C062BAC4DC9003E1F36 /* Debug */,
				CEAF0C072BAC4DC9003E1F36 /* Release */,
			);
			defaultConfigurationIsVisible = 0;
			defaultConfigurationName = Release;
		};
		CEAF0C082BAC4DC9003E1F36 /* Build configuration list for PBXNativeTarget "Roku TV" */ = {
			isa = XCConfigurationList;
			buildConfigurations = (
				CEAF0C092BAC4DC9003E1F36 /* Debug */,
				CEAF0C0A2BAC4DC9003E1F36 /* Release */,
			);
			defaultConfigurationIsVisible = 0;
			defaultConfigurationName = Release;
		};
/* End XCConfigurationList section */

/* Begin XCRemoteSwiftPackageReference section */
		CEAF0C0B2BAC5668003E1F36 /* XCRemoteSwiftPackageReference "SnapKit" */ = {
			isa = XCRemoteSwiftPackageReference;
			repositoryURL = "https://github.com/SnapKit/SnapKit";
			requirement = {
				kind = upToNextMajorVersion;
				minimumVersion = 5.7.1;
			};
		};
/* End XCRemoteSwiftPackageReference section */

/* Begin XCSwiftPackageProductDependency section */
		CEAF0C0C2BAC5668003E1F36 /* SnapKit */ = {
			isa = XCSwiftPackageProductDependency;
			package = CEAF0C0B2BAC5668003E1F36 /* XCRemoteSwiftPackageReference "SnapKit" */;
			productName = SnapKit;
		};
		CEAF0C0E2BAC5668003E1F36 /* SnapKit-Dynamic */ = {
			isa = XCSwiftPackageProductDependency;
			package = CEAF0C0B2BAC5668003E1F36 /* XCRemoteSwiftPackageReference "SnapKit" */;
			productName = "SnapKit-Dynamic";
		};
/* End XCSwiftPackageProductDependency section */
	};
	rootObject = CEAF0BEC2BAC4DC8003E1F36 /* Project object */;
}
